
Microsoft Visual Studio Solution File, Format Version 12.00
# Visual Studio Version 16
VisualStudioVersion = 16.0.32901.82
MinimumVisualStudioVersion = 10.0.40219.1
Project("{FAE04EC0-301F-11D3-BF4B-00C04F79EFBC}") = "WebApplication2", "WebApplication2\WebApplication2.csproj", "{F9A3F1D2-4B8A-4361-97E7-CB05C839A3C0}"
EndProject
Global
	GlobalSection(SolutionConfigurationPlatforms) = preSolution
		Debug|Any CPU = Debug|Any CPU
		Release|Any CPU = Release|Any CPU
	EndGlobalSection
	GlobalSection(ProjectConfigurationPlatforms) = postSolution
		{F9A3F1D2-4B8A-4361-97E7-CB05C839A3C0}.Debug|Any CPU.ActiveCfg = Debug|Any CPU
		{F9A3F1D2-4B8A-4361-97E7-CB05C839A3C0}.Debug|Any CPU.Build.0 = Debug|Any CPU
		{F9A3F1D2-4B8A-4361-97E7-CB05C839A3C0}.Release|Any CPU.ActiveCfg = Release|Any CPU
		{F9A3F1D2-4B8A-4361-97E7-CB05C839A3C0}.Release|Any CPU.Build.0 = Release|Any CPU
	EndGlobalSection
	GlobalSection(SolutionProperties) = preSolution
		HideSolutionNode = FALSE
	EndGlobalSection
	GlobalSection(ExtensibilityGlobals) = postSolution
		SolutionGuid = {348EF1FB-E2C3-4C63-B654-225B21BC78B9}
	EndGlobalSection
EndGlobal
