
Microsoft Visual Studio Solution File, Format Version 12.00
# Visual Studio Version 16
VisualStudioVersion = 16.0.32901.82
MinimumVisualStudioVersion = 10.0.40219.1
Project("{FAE04EC0-301F-11D3-BF4B-00C04F79EFBC}") = "DateTimeSubmission", "DateTimeSubmission\DateTimeSubmission.csproj", "{BDEBD13F-857E-4F50-96C0-48E73F98A9EE}"
EndProject
Global
	GlobalSection(SolutionConfigurationPlatforms) = preSolution
		Debug|Any CPU = Debug|Any CPU
		Release|Any CPU = Release|Any CPU
	EndGlobalSection
	GlobalSection(ProjectConfigurationPlatforms) = postSolution
		{BDEBD13F-857E-4F50-96C0-48E73F98A9EE}.Debug|Any CPU.ActiveCfg = Debug|Any CPU
		{BDEBD13F-857E-4F50-96C0-48E73F98A9EE}.Debug|Any CPU.Build.0 = Debug|Any CPU
		{BDEBD13F-857E-4F50-96C0-48E73F98A9EE}.Release|Any CPU.ActiveCfg = Release|Any CPU
		{BDEBD13F-857E-4F50-96C0-48E73F98A9EE}.Release|Any CPU.Build.0 = Release|Any CPU
	EndGlobalSection
	GlobalSection(SolutionProperties) = preSolution
		HideSolutionNode = FALSE
	EndGlobalSection
	GlobalSection(ExtensibilityGlobals) = postSolution
		SolutionGuid = {BF2562AA-E775-4CFE-B289-0AB099ACEFAA}
	EndGlobalSection
EndGlobal
