
Microsoft Visual Studio Solution File, Format Version 12.00
# Visual Studio Version 16
VisualStudioVersion = 16.0.32901.82
MinimumVisualStudioVersion = 10.0.40219.1
Project("{FAE04EC0-301F-11D3-BF4B-00C04F79EFBC}") = "ChallengeSubmissionAssignment", "ChallengeSubmissionAssignment\ChallengeSubmissionAssignment.csproj", "{8816C194-34FD-48C7-B395-438919F2D308}"
EndProject
Global
	GlobalSection(SolutionConfigurationPlatforms) = preSolution
		Debug|Any CPU = Debug|Any CPU
		Release|Any CPU = Release|Any CPU
	EndGlobalSection
	GlobalSection(ProjectConfigurationPlatforms) = postSolution
		{8816C194-34FD-48C7-B395-438919F2D308}.Debug|Any CPU.ActiveCfg = Debug|Any CPU
		{8816C194-34FD-48C7-B395-438919F2D308}.Debug|Any CPU.Build.0 = Debug|Any CPU
		{8816C194-34FD-48C7-B395-438919F2D308}.Release|Any CPU.ActiveCfg = Release|Any CPU
		{8816C194-34FD-48C7-B395-438919F2D308}.Release|Any CPU.Build.0 = Release|Any CPU
	EndGlobalSection
	GlobalSection(SolutionProperties) = preSolution
		HideSolutionNode = FALSE
	EndGlobalSection
	GlobalSection(ExtensibilityGlobals) = postSolution
		SolutionGuid = {1367B8FA-1F57-482B-905C-5C217047D6F0}
	EndGlobalSection
EndGlobal
