
Microsoft Visual Studio Solution File, Format Version 12.00
# Visual Studio Version 16
VisualStudioVersion = 16.0.32901.82
MinimumVisualStudioVersion = 10.0.40219.1
Project("{FAE04EC0-301F-11D3-BF4B-00C04F79EFBC}") = "AppArray", "AppArray\AppArray.csproj", "{54973D49-C1FD-45E5-8CCA-0B47B743A1C6}"
EndProject
Global
	GlobalSection(SolutionConfigurationPlatforms) = preSolution
		Debug|Any CPU = Debug|Any CPU
		Release|Any CPU = Release|Any CPU
	EndGlobalSection
	GlobalSection(ProjectConfigurationPlatforms) = postSolution
		{54973D49-C1FD-45E5-8CCA-0B47B743A1C6}.Debug|Any CPU.ActiveCfg = Debug|Any CPU
		{54973D49-C1FD-45E5-8CCA-0B47B743A1C6}.Debug|Any CPU.Build.0 = Debug|Any CPU
		{54973D49-C1FD-45E5-8CCA-0B47B743A1C6}.Release|Any CPU.ActiveCfg = Release|Any CPU
		{54973D49-C1FD-45E5-8CCA-0B47B743A1C6}.Release|Any CPU.Build.0 = Release|Any CPU
	EndGlobalSection
	GlobalSection(SolutionProperties) = preSolution
		HideSolutionNode = FALSE
	EndGlobalSection
	GlobalSection(ExtensibilityGlobals) = postSolution
		SolutionGuid = {E4B48FC0-A147-4371-9678-C25981043810}
	EndGlobalSection
EndGlobal
