
Microsoft Visual Studio Solution File, Format Version 12.00
# Visual Studio Version 16
VisualStudioVersion = 16.0.32901.82
MinimumVisualStudioVersion = 10.0.40219.1
Project("{FAE04EC0-301F-11D3-BF4B-00C04F79EFBC}") = "ParametersAssignment", "ParametersAssignment\ParametersAssignment.csproj", "{ACE93A95-CAD3-4D43-BE5E-EA9AA4967EF0}"
EndProject
Global
	GlobalSection(SolutionConfigurationPlatforms) = preSolution
		Debug|Any CPU = Debug|Any CPU
		Release|Any CPU = Release|Any CPU
	EndGlobalSection
	GlobalSection(ProjectConfigurationPlatforms) = postSolution
		{ACE93A95-CAD3-4D43-BE5E-EA9AA4967EF0}.Debug|Any CPU.ActiveCfg = Debug|Any CPU
		{ACE93A95-CAD3-4D43-BE5E-EA9AA4967EF0}.Debug|Any CPU.Build.0 = Debug|Any CPU
		{ACE93A95-CAD3-4D43-BE5E-EA9AA4967EF0}.Release|Any CPU.ActiveCfg = Release|Any CPU
		{ACE93A95-CAD3-4D43-BE5E-EA9AA4967EF0}.Release|Any CPU.Build.0 = Release|Any CPU
	EndGlobalSection
	GlobalSection(SolutionProperties) = preSolution
		HideSolutionNode = FALSE
	EndGlobalSection
	GlobalSection(ExtensibilityGlobals) = postSolution
		SolutionGuid = {8A9BD11E-9BE5-4E00-827C-CA043069A4DE}
	EndGlobalSection
EndGlobal
