
Microsoft Visual Studio Solution File, Format Version 12.00
# Visual Studio Version 16
VisualStudioVersion = 16.0.32901.82
MinimumVisualStudioVersion = 10.0.40219.1
Project("{FAE04EC0-301F-11D3-BF4B-00C04F79EFBC}") = "ClassSubmission", "ClassSubmission\ClassSubmission.csproj", "{2E07BC1C-A970-412E-B645-F693B86E702C}"
EndProject
Global
	GlobalSection(SolutionConfigurationPlatforms) = preSolution
		Debug|Any CPU = Debug|Any CPU
		Release|Any CPU = Release|Any CPU
	EndGlobalSection
	GlobalSection(ProjectConfigurationPlatforms) = postSolution
		{2E07BC1C-A970-412E-B645-F693B86E702C}.Debug|Any CPU.ActiveCfg = Debug|Any CPU
		{2E07BC1C-A970-412E-B645-F693B86E702C}.Debug|Any CPU.Build.0 = Debug|Any CPU
		{2E07BC1C-A970-412E-B645-F693B86E702C}.Release|Any CPU.ActiveCfg = Release|Any CPU
		{2E07BC1C-A970-412E-B645-F693B86E702C}.Release|Any CPU.Build.0 = Release|Any CPU
	EndGlobalSection
	GlobalSection(SolutionProperties) = preSolution
		HideSolutionNode = FALSE
	EndGlobalSection
	GlobalSection(ExtensibilityGlobals) = postSolution
		SolutionGuid = {BE887CB3-CE3C-4178-9F5B-917B2D60C0D5}
	EndGlobalSection
EndGlobal
